// !$*UTF8*$!
{
	archiveVersion = 1;
	classes = {
	};
	objectVersion = 56;
	objects = {

/* Begin PBXBuildFile section */
		F658B7F929A6D25900501511 /* MemorizeGameApp.swift in Sources */ = {isa = PBXBuildFile; fileRef = F658B7F829A6D25900501511 /* MemorizeGameApp.swift */; };
		F658B7FB29A6D25900501511 /* EmojiMemoryGameView.swift in Sources */ = {isa = PBXBuildFile; fileRef = F658B7FA29A6D25900501511 /* EmojiMemoryGameView.swift */; };
		F658B7FD29A6D25B00501511 /* Assets.xcassets in Resources */ = {isa = PBXBuildFile; fileRef = F658B7FC29A6D25B00501511 /* Assets.xcassets */; };
		F658B80029A6D25B00501511 /* Preview Assets.xcassets in Resources */ = {isa = PBXBuildFile; fileRef = F658B7FF29A6D25B00501511 /* Preview Assets.xcassets */; };
		F658B80729A6D3C200501511 /* EmojiMemoryGame.swift in Sources */ = {isa = PBXBuildFile; fileRef = F658B80629A6D3C200501511 /* EmojiMemoryGame.swift */; };
		F658B80929A6D3F800501511 /* MemoryGame.swift in Sources */ = {isa = PBXBuildFile; fileRef = F658B80829A6D3F800501511 /* MemoryGame.swift */; };
		F676F3FB2A557EB10065CE25 /* Theme.swift in Sources */ = {isa = PBXBuildFile; fileRef = F676F3FA2A557EB10065CE25 /* Theme.swift */; };
		F676F3FD2A557F570065CE25 /* ThemeChooser.swift in Sources */ = {isa = PBXBuildFile; fileRef = F676F3FC2A557F570065CE25 /* ThemeChooser.swift */; };
		F676F3FF2A5580AC0065CE25 /* MemoryStore.swift in Sources */ = {isa = PBXBuildFile; fileRef = F676F3FE2A5580AC0065CE25 /* MemoryStore.swift */; };
		F69D173E2A48C7CE00BBECC7 /* EmojiMemoryThemeEditor.swift in Sources */ = {isa = PBXBuildFile; fileRef = F69D173D2A48C7CE00BBECC7 /* EmojiMemoryThemeEditor.swift */; };
		F6E4035129AE11A1007F2A0D /* Cardify.swift in Sources */ = {isa = PBXBuildFile; fileRef = F6E4035029AE11A1007F2A0D /* Cardify.swift */; };
		F6E82B5A2A5AE0C0007349CC /* MemoryEdit.swift in Sources */ = {isa = PBXBuildFile; fileRef = F6E82B592A5AE0C0007349CC /* MemoryEdit.swift */; };
		F6F365EF29A7DA1F0093AB32 /* AspectVGrid.swift in Sources */ = {isa = PBXBuildFile; fileRef = F6F365EE29A7DA1F0093AB32 /* AspectVGrid.swift */; };
		F6F365F329A7E79C0093AB32 /* Pie.swift in Sources */ = {isa = PBXBuildFile; fileRef = F6F365F229A7E79C0093AB32 /* Pie.swift */; };
/* End PBXBuildFile section */

/* Begin PBXFileReference section */
		F658B7F529A6D25900501511 /* MemorizeGame.app */ = {isa = PBXFileReference; explicitFileType = wrapper.application; includeInIndex = 0; path = MemorizeGame.app; sourceTree = BUILT_PRODUCTS_DIR; };
		F658B7F829A6D25900501511 /* MemorizeGameApp.swift */ = {isa = PBXFileReference; lastKnownFileType = sourcecode.swift; path = MemorizeGameApp.swift; sourceTree = "<group>"; };
		F658B7FA29A6D25900501511 /* EmojiMemoryGameView.swift */ = {isa = PBXFileReference; lastKnownFileType = sourcecode.swift; path = EmojiMemoryGameView.swift; sourceTree = "<group>"; };
		F658B7FC29A6D25B00501511 /* Assets.xcassets */ = {isa = PBXFileReference; lastKnownFileType = folder.assetcatalog; path = Assets.xcassets; sourceTree = "<group>"; };
		F658B7FF29A6D25B00501511 /* Preview Assets.xcassets */ = {isa = PBXFileReference; lastKnownFileType = folder.assetcatalog; path = "Preview Assets.xcassets"; sourceTree = "<group>"; };
		F658B80629A6D3C200501511 /* EmojiMemoryGame.swift */ = {isa = PBXFileReference; lastKnownFileType = sourcecode.swift; path = EmojiMemoryGame.swift; sourceTree = "<group>"; };
		F658B80829A6D3F800501511 /* MemoryGame.swift */ = {isa = PBXFileReference; lastKnownFileType = sourcecode.swift; path = MemoryGame.swift; sourceTree = "<group>"; };
		F676F3FA2A557EB10065CE25 /* Theme.swift */ = {isa = PBXFileReference; lastKnownFileType = sourcecode.swift; path = Theme.swift; sourceTree = "<group>"; };
		F676F3FC2A557F570065CE25 /* ThemeChooser.swift */ = {isa = PBXFileReference; lastKnownFileType = sourcecode.swift; path = ThemeChooser.swift; sourceTree = "<group>"; };
		F676F3FE2A5580AC0065CE25 /* MemoryStore.swift */ = {isa = PBXFileReference; lastKnownFileType = sourcecode.swift; path = MemoryStore.swift; sourceTree = "<group>"; };
		F69D173D2A48C7CE00BBECC7 /* EmojiMemoryThemeEditor.swift */ = {isa = PBXFileReference; lastKnownFileType = sourcecode.swift; path = EmojiMemoryThemeEditor.swift; sourceTree = "<group>"; };
		F6E4035029AE11A1007F2A0D /* Cardify.swift */ = {isa = PBXFileReference; lastKnownFileType = sourcecode.swift; path = Cardify.swift; sourceTree = "<group>"; };
		F6E82B592A5AE0C0007349CC /* MemoryEdit.swift */ = {isa = PBXFileReference; lastKnownFileType = sourcecode.swift; path = MemoryEdit.swift; sourceTree = "<group>"; };
		F6F365EE29A7DA1F0093AB32 /* AspectVGrid.swift */ = {isa = PBXFileReference; lastKnownFileType = sourcecode.swift; path = AspectVGrid.swift; sourceTree = "<group>"; };
		F6F365F229A7E79C0093AB32 /* Pie.swift */ = {isa = PBXFileReference; lastKnownFileType = sourcecode.swift; path = Pie.swift; sourceTree = "<group>"; };
/* End PBXFileReference section */

/* Begin PBXFrameworksBuildPhase section */
		F658B7F229A6D25900501511 /* Frameworks */ = {
			isa = PBXFrameworksBuildPhase;
			buildActionMask = 2147483647;
			files = (
			);
			runOnlyForDeploymentPostprocessing = 0;
		};
/* End PBXFrameworksBuildPhase section */

/* Begin PBXGroup section */
		F658B7EC29A6D25900501511 = {
			isa = PBXGroup;
			children = (
				F658B7F729A6D25900501511 /* MemorizeGame */,
				F658B7F629A6D25900501511 /* Products */,
			);
			sourceTree = "<group>";
		};
		F658B7F629A6D25900501511 /* Products */ = {
			isa = PBXGroup;
			children = (
				F658B7F529A6D25900501511 /* MemorizeGame.app */,
			);
			name = Products;
			sourceTree = "<group>";
		};
		F658B7F729A6D25900501511 /* MemorizeGame */ = {
			isa = PBXGroup;
			children = (
				F658B7F829A6D25900501511 /* MemorizeGameApp.swift */,
				F676F4022A561AB80065CE25 /* View */,
				F676F4012A561A9F0065CE25 /* ViewModel */,
				F676F4002A561A8C0065CE25 /* Model */,
				F658B7FC29A6D25B00501511 /* Assets.xcassets */,
				F658B7FE29A6D25B00501511 /* Preview Content */,
			);
			path = MemorizeGame;
			sourceTree = "<group>";
		};
		F658B7FE29A6D25B00501511 /* Preview Content */ = {
			isa = PBXGroup;
			children = (
				F658B7FF29A6D25B00501511 /* Preview Assets.xcassets */,
			);
			path = "Preview Content";
			sourceTree = "<group>";
		};
		F676F4002A561A8C0065CE25 /* Model */ = {
			isa = PBXGroup;
			children = (
				F676F3FE2A5580AC0065CE25 /* MemoryStore.swift */,
				F658B80829A6D3F800501511 /* MemoryGame.swift */,
				F676F3FA2A557EB10065CE25 /* Theme.swift */,
			);
			path = Model;
			sourceTree = "<group>";
		};
		F676F4012A561A9F0065CE25 /* ViewModel */ = {
			isa = PBXGroup;
			children = (
				F658B80629A6D3C200501511 /* EmojiMemoryGame.swift */,
			);
			path = ViewModel;
			sourceTree = "<group>";
		};
		F676F4022A561AB80065CE25 /* View */ = {
			isa = PBXGroup;
			children = (
				F69D173D2A48C7CE00BBECC7 /* EmojiMemoryThemeEditor.swift */,
				F658B7FA29A6D25900501511 /* EmojiMemoryGameView.swift */,
				F6E4035029AE11A1007F2A0D /* Cardify.swift */,
				F6F365EE29A7DA1F0093AB32 /* AspectVGrid.swift */,
				F676F3FC2A557F570065CE25 /* ThemeChooser.swift */,
				F6F365F229A7E79C0093AB32 /* Pie.swift */,
				F6E82B592A5AE0C0007349CC /* MemoryEdit.swift */,
			);
			path = View;
			sourceTree = "<group>";
		};
/* End PBXGroup section */

/* Begin PBXNativeTarget section */
		F658B7F429A6D25900501511 /* MemorizeGame */ = {
			isa = PBXNativeTarget;
			buildConfigurationList = F658B80329A6D25B00501511 /* Build configuration list for PBXNativeTarget "MemorizeGame" */;
			buildPhases = (
				F658B7F129A6D25900501511 /* Sources */,
				F658B7F229A6D25900501511 /* Frameworks */,
				F658B7F329A6D25900501511 /* Resources */,
			);
			buildRules = (
			);
			dependencies = (
			);
			name = MemorizeGame;
			productName = MemorizeGame;
			productReference = F658B7F529A6D25900501511 /* MemorizeGame.app */;
			productType = "com.apple.product-type.application";
		};
/* End PBXNativeTarget section */

/* Begin PBXProject section */
		F658B7ED29A6D25900501511 /* Project object */ = {
			isa = PBXProject;
			attributes = {
				BuildIndependentTargetsInParallel = 1;
				LastSwiftUpdateCheck = 1420;
				LastUpgradeCheck = 1420;
				TargetAttributes = {
					F658B7F429A6D25900501511 = {
						CreatedOnToolsVersion = 14.2;
					};
				};
			};
			buildConfigurationList = F658B7F029A6D25900501511 /* Build configuration list for PBXProject "MemorizeGame" */;
			compatibilityVersion = "Xcode 14.0";
			developmentRegion = en;
			hasScannedForEncodings = 0;
			knownRegions = (
				en,
				Base,
			);
			mainGroup = F658B7EC29A6D25900501511;
			productRefGroup = F658B7F629A6D25900501511 /* Products */;
			projectDirPath = "";
			projectRoot = "";
			targets = (
				F658B7F429A6D25900501511 /* MemorizeGame */,
			);
		};
/* End PBXProject section */

/* Begin PBXResourcesBuildPhase section */
		F658B7F329A6D25900501511 /* Resources */ = {
			isa = PBXResourcesBuildPhase;
			buildActionMask = 2147483647;
			files = (
				F658B80029A6D25B00501511 /* Preview Assets.xcassets in Resources */,
				F658B7FD29A6D25B00501511 /* Assets.xcassets in Resources */,
			);
			runOnlyForDeploymentPostprocessing = 0;
		};
/* End PBXResourcesBuildPhase section */

/* Begin PBXSourcesBuildPhase section */
		F658B7F129A6D25900501511 /* Sources */ = {
			isa = PBXSourcesBuildPhase;
			buildActionMask = 2147483647;
			files = (
				F676F3FB2A557EB10065CE25 /* Theme.swift in Sources */,
				F676F3FF2A5580AC0065CE25 /* MemoryStore.swift in Sources */,
				F6F365F329A7E79C0093AB32 /* Pie.swift in Sources */,
				F6E4035129AE11A1007F2A0D /* Cardify.swift in Sources */,
				F658B7FB29A6D25900501511 /* EmojiMemoryGameView.swift in Sources */,
				F658B7F929A6D25900501511 /* MemorizeGameApp.swift in Sources */,
				F6E82B5A2A5AE0C0007349CC /* MemoryEdit.swift in Sources */,
				F658B80929A6D3F800501511 /* MemoryGame.swift in Sources */,
				F6F365EF29A7DA1F0093AB32 /* AspectVGrid.swift in Sources */,
				F69D173E2A48C7CE00BBECC7 /* EmojiMemoryThemeEditor.swift in Sources */,
				F658B80729A6D3C200501511 /* EmojiMemoryGame.swift in Sources */,
				F676F3FD2A557F570065CE25 /* ThemeChooser.swift in Sources */,
			);
			runOnlyForDeploymentPostprocessing = 0;
		};
/* End PBXSourcesBuildPhase section */

/* Begin XCBuildConfiguration section */
		F658B80129A6D25B00501511 /* Debug */ = {
			isa = XCBuildConfiguration;
			buildSettings = {
				ALWAYS_SEARCH_USER_PATHS = NO;
				CLANG_ANALYZER_NONNULL = YES;
				CLANG_ANALYZER_NUMBER_OBJECT_CONVERSION = YES_AGGRESSIVE;
				CLANG_CXX_LANGUAGE_STANDARD = "gnu++20";
				CLANG_ENABLE_MODULES = YES;
				CLANG_ENABLE_OBJC_ARC = YES;
				CLANG_ENABLE_OBJC_WEAK = YES;
				CLANG_WARN_BLOCK_CAPTURE_AUTORELEASING = YES;
				CLANG_WARN_BOOL_CONVERSION = YES;
				CLANG_WARN_COMMA = YES;
				CLANG_WARN_CONSTANT_CONVERSION = YES;
				CLANG_WARN_DEPRECATED_OBJC_IMPLEMENTATIONS = YES;
				CLANG_WARN_DIRECT_OBJC_ISA_USAGE = YES_ERROR;
				CLANG_WARN_DOCUMENTATION_COMMENTS = YES;
				CLANG_WARN_EMPTY_BODY = YES;
				CLANG_WARN_ENUM_CONVERSION = YES;
				CLANG_WARN_INFINITE_RECURSION = YES;
				CLANG_WARN_INT_CONVERSION = YES;
				CLANG_WARN_NON_LITERAL_NULL_CONVERSION = YES;
				CLANG_WARN_OBJC_IMPLICIT_RETAIN_SELF = YES;
				CLANG_WARN_OBJC_LITERAL_CONVERSION = YES;
				CLANG_WARN_OBJC_ROOT_CLASS = YES_ERROR;
				CLANG_WARN_QUOTED_INCLUDE_IN_FRAMEWORK_HEADER = YES;
				CLANG_WARN_RANGE_LOOP_ANALYSIS = YES;
				CLANG_WARN_STRICT_PROTOTYPES = YES;
				CLANG_WARN_SUSPICIOUS_MOVE = YES;
				CLANG_WARN_UNGUARDED_AVAILABILITY = YES_AGGRESSIVE;
				CLANG_WARN_UNREACHABLE_CODE = YES;
				CLANG_WARN__DUPLICATE_METHOD_MATCH = YES;
				COPY_PHASE_STRIP = NO;
				DEBUG_INFORMATION_FORMAT = dwarf;
				ENABLE_STRICT_OBJC_MSGSEND = YES;
				ENABLE_TESTABILITY = YES;
				GCC_C_LANGUAGE_STANDARD = gnu11;
				GCC_DYNAMIC_NO_PIC = NO;
				GCC_NO_COMMON_BLOCKS = YES;
				GCC_OPTIMIZATION_LEVEL = 0;
				GCC_PREPROCESSOR_DEFINITIONS = (
					"DEBUG=1",
					"$(inherited)",
				);
				GCC_WARN_64_TO_32_BIT_CONVERSION = YES;
				GCC_WARN_ABOUT_RETURN_TYPE = YES_ERROR;
				GCC_WARN_UNDECLARED_SELECTOR = YES;
				GCC_WARN_UNINITIALIZED_AUTOS = YES_AGGRESSIVE;
				GCC_WARN_UNUSED_FUNCTION = YES;
				GCC_WARN_UNUSED_VARIABLE = YES;
				IPHONEOS_DEPLOYMENT_TARGET = 16.2;
				MTL_ENABLE_DEBUG_INFO = INCLUDE_SOURCE;
				MTL_FAST_MATH = YES;
				ONLY_ACTIVE_ARCH = YES;
				SDKROOT = iphoneos;
				SWIFT_ACTIVE_COMPILATION_CONDITIONS = DEBUG;
				SWIFT_OPTIMIZATION_LEVEL = "-Onone";
			};
			name = Debug;
		};
		F658B80229A6D25B00501511 /* Release */ = {
			isa = XCBuildConfiguration;
			buildSettings = {
				ALWAYS_SEARCH_USER_PATHS = NO;
				CLANG_ANALYZER_NONNULL = YES;
				CLANG_ANALYZER_NUMBER_OBJECT_CONVERSION = YES_AGGRESSIVE;
				CLANG_CXX_LANGUAGE_STANDARD = "gnu++20";
				CLANG_ENABLE_MODULES = YES;
				CLANG_ENABLE_OBJC_ARC = YES;
				CLANG_ENABLE_OBJC_WEAK = YES;
				CLANG_WARN_BLOCK_CAPTURE_AUTORELEASING = YES;
				CLANG_WARN_BOOL_CONVERSION = YES;
				CLANG_WARN_COMMA = YES;
				CLANG_WARN_CONSTANT_CONVERSION = YES;
				CLANG_WARN_DEPRECATED_OBJC_IMPLEMENTATIONS = YES;
				CLANG_WARN_DIRECT_OBJC_ISA_USAGE = YES_ERROR;
				CLANG_WARN_DOCUMENTATION_COMMENTS = YES;
				CLANG_WARN_EMPTY_BODY = YES;
				CLANG_WARN_ENUM_CONVERSION = YES;
				CLANG_WARN_INFINITE_RECURSION = YES;
				CLANG_WARN_INT_CONVERSION = YES;
				CLANG_WARN_NON_LITERAL_NULL_CONVERSION = YES;
				CLANG_WARN_OBJC_IMPLICIT_RETAIN_SELF = YES;
				CLANG_WARN_OBJC_LITERAL_CONVERSION = YES;
				CLANG_WARN_OBJC_ROOT_CLASS = YES_ERROR;
				CLANG_WARN_QUOTED_INCLUDE_IN_FRAMEWORK_HEADER = YES;
				CLANG_WARN_RANGE_LOOP_ANALYSIS = YES;
				CLANG_WARN_STRICT_PROTOTYPES = YES;
				CLANG_WARN_SUSPICIOUS_MOVE = YES;
				CLANG_WARN_UNGUARDED_AVAILABILITY = YES_AGGRESSIVE;
				CLANG_WARN_UNREACHABLE_CODE = YES;
				CLANG_WARN__DUPLICATE_METHOD_MATCH = YES;
				COPY_PHASE_STRIP = NO;
				DEBUG_INFORMATION_FORMAT = "dwarf-with-dsym";
				ENABLE_NS_ASSERTIONS = NO;
				ENABLE_STRICT_OBJC_MSGSEND = YES;
				GCC_C_LANGUAGE_STANDARD = gnu11;
				GCC_NO_COMMON_BLOCKS = YES;
				GCC_WARN_64_TO_32_BIT_CONVERSION = YES;
				GCC_WARN_ABOUT_RETURN_TYPE = YES_ERROR;
				GCC_WARN_UNDECLARED_SELECTOR = YES;
				GCC_WARN_UNINITIALIZED_AUTOS = YES_AGGRESSIVE;
				GCC_WARN_UNUSED_FUNCTION = YES;
				GCC_WARN_UNUSED_VARIABLE = YES;
				IPHONEOS_DEPLOYMENT_TARGET = 16.2;
				MTL_ENABLE_DEBUG_INFO = NO;
				MTL_FAST_MATH = YES;
				SDKROOT = iphoneos;
				SWIFT_COMPILATION_MODE = wholemodule;
				SWIFT_OPTIMIZATION_LEVEL = "-O";
				VALIDATE_PRODUCT = YES;
			};
			name = Release;
		};
		F658B80429A6D25B00501511 /* Debug */ = {
			isa = XCBuildConfiguration;
			buildSettings = {
				ASSETCATALOG_COMPILER_APPICON_NAME = AppIcon;
				ASSETCATALOG_COMPILER_GLOBAL_ACCENT_COLOR_NAME = AccentColor;
				CODE_SIGN_STYLE = Automatic;
				CURRENT_PROJECT_VERSION = 1;
				DEVELOPMENT_ASSET_PATHS = "\"MemorizeGame/Preview Content\"";
				DEVELOPMENT_TEAM = 9495ZGT5QK;
				ENABLE_PREVIEWS = YES;
				GENERATE_INFOPLIST_FILE = YES;
				INFOPLIST_KEY_UIApplicationSceneManifest_Generation = YES;
				INFOPLIST_KEY_UIApplicationSupportsIndirectInputEvents = YES;
				INFOPLIST_KEY_UILaunchScreen_Generation = YES;
				INFOPLIST_KEY_UISupportedInterfaceOrientations_iPad = "UIInterfaceOrientationPortrait UIInterfaceOrientationPortraitUpsideDown UIInterfaceOrientationLandscapeLeft UIInterfaceOrientationLandscapeRight";
				INFOPLIST_KEY_UISupportedInterfaceOrientations_iPhone = "UIInterfaceOrientationPortrait UIInterfaceOrientationLandscapeLeft UIInterfaceOrientationLandscapeRight";
				LD_RUNPATH_SEARCH_PATHS = (
					"$(inherited)",
					"@executable_path/Frameworks",
				);
				MARKETING_VERSION = 1.0;
				PRODUCT_BUNDLE_IDENTIFIER = com.kub.MemorizeGame;
				PRODUCT_NAME = "$(TARGET_NAME)";
				SWIFT_EMIT_LOC_STRINGS = YES;
				SWIFT_VERSION = 5.0;
				TARGETED_DEVICE_FAMILY = "1,2";
			};
			name = Debug;
		};
		F658B80529A6D25B00501511 /* Release */ = {
			isa = XCBuildConfiguration;
			buildSettings = {
				ASSETCATALOG_COMPILER_APPICON_NAME = AppIcon;
				ASSETCATALOG_COMPILER_GLOBAL_ACCENT_COLOR_NAME = AccentColor;
				CODE_SIGN_STYLE = Automatic;
				CURRENT_PROJECT_VERSION = 1;
				DEVELOPMENT_ASSET_PATHS = "\"MemorizeGame/Preview Content\"";
				DEVELOPMENT_TEAM = 9495ZGT5QK;
				ENABLE_PREVIEWS = YES;
				GENERATE_INFOPLIST_FILE = YES;
				INFOPLIST_KEY_UIApplicationSceneManifest_Generation = YES;
				INFOPLIST_KEY_UIApplicationSupportsIndirectInputEvents = YES;
				INFOPLIST_KEY_UILaunchScreen_Generation = YES;
				INFOPLIST_KEY_UISupportedInterfaceOrientations_iPad = "UIInterfaceOrientationPortrait UIInterfaceOrientationPortraitUpsideDown UIInterfaceOrientationLandscapeLeft UIInterfaceOrientationLandscapeRight";
				INFOPLIST_KEY_UISupportedInterfaceOrientations_iPhone = "UIInterfaceOrientationPortrait UIInterfaceOrientationLandscapeLeft UIInterfaceOrientationLandscapeRight";
				LD_RUNPATH_SEARCH_PATHS = (
					"$(inherited)",
					"@executable_path/Frameworks",
				);
				MARKETING_VERSION = 1.0;
				PRODUCT_BUNDLE_IDENTIFIER = com.kub.MemorizeGame;
				PRODUCT_NAME = "$(TARGET_NAME)";
				SWIFT_EMIT_LOC_STRINGS = YES;
				SWIFT_VERSION = 5.0;
				TARGETED_DEVICE_FAMILY = "1,2";
			};
			name = Release;
		};
/* End XCBuildConfiguration section */

/* Begin XCConfigurationList section */
		F658B7F029A6D25900501511 /* Build configuration list for PBXProject "MemorizeGame" */ = {
			isa = XCConfigurationList;
			buildConfigurations = (
				F658B80129A6D25B00501511 /* Debug */,
				F658B80229A6D25B00501511 /* Release */,
			);
			defaultConfigurationIsVisible = 0;
			defaultConfigurationName = Release;
		};
		F658B80329A6D25B00501511 /* Build configuration list for PBXNativeTarget "MemorizeGame" */ = {
			isa = XCConfigurationList;
			buildConfigurations = (
				F658B80429A6D25B00501511 /* Debug */,
				F658B80529A6D25B00501511 /* Release */,
			);
			defaultConfigurationIsVisible = 0;
			defaultConfigurationName = Release;
		};
/* End XCConfigurationList section */
	};
	rootObject = F658B7ED29A6D25900501511 /* Project object */;
}
